
Microsoft Visual Studio Solution File, Format Version 12.00
# Visual Studio Version 16
VisualStudioVersion = 16.0.32106.194
MinimumVisualStudioVersion = 10.0.40219.1
Project("{FAE04EC0-301F-11D3-BF4B-00C04F79EFBC}") = "hrdina a drak", "hrdina a drak\hrdina a drak.csproj", "{515DCB72-3FC2-44FE-9A0E-80B0BC37E8C7}"
EndProject
Global
	GlobalSection(SolutionConfigurationPlatforms) = preSolution
		Debug|Any CPU = Debug|Any CPU
		Release|Any CPU = Release|Any CPU
	EndGlobalSection
	GlobalSection(ProjectConfigurationPlatforms) = postSolution
		{515DCB72-3FC2-44FE-9A0E-80B0BC37E8C7}.Debug|Any CPU.ActiveCfg = Debug|Any CPU
		{515DCB72-3FC2-44FE-9A0E-80B0BC37E8C7}.Debug|Any CPU.Build.0 = Debug|Any CPU
		{515DCB72-3FC2-44FE-9A0E-80B0BC37E8C7}.Release|Any CPU.ActiveCfg = Release|Any CPU
		{515DCB72-3FC2-44FE-9A0E-80B0BC37E8C7}.Release|Any CPU.Build.0 = Release|Any CPU
	EndGlobalSection
	GlobalSection(SolutionProperties) = preSolution
		HideSolutionNode = FALSE
	EndGlobalSection
	GlobalSection(ExtensibilityGlobals) = postSolution
		SolutionGuid = {698F4EE4-BA79-411A-9F94-772CF9CEA004}
	EndGlobalSection
EndGlobal
